
Microsoft Visual Studio Solution File, Format Version 12.00
# Visual Studio Version 16
VisualStudioVersion = 16.0.30907.101
MinimumVisualStudioVersion = 10.0.40219.1
Project("{FAE04EC0-301F-11D3-BF4B-00C04F79EFBC}") = "HandItOver.BackEnd.API", "HandItOver.BackEnd.API\HandItOver.BackEnd.API.csproj", "{02D26E27-FADA-4A66-B896-83C4DC556DDC}"
EndProject
Project("{FAE04EC0-301F-11D3-BF4B-00C04F79EFBC}") = "HandItOver.BackEnd.DAL", "HandItOver.BackEnd.DAL\HandItOver.BackEnd.DAL.csproj", "{3D8FBF1D-2BFE-44C2-AC1F-B12E1BB1E180}"
EndProject
Project("{FAE04EC0-301F-11D3-BF4B-00C04F79EFBC}") = "HandItOver.BackEnd.BLL", "HandItOver.BackEnd.BLL\HandItOver.BackEnd.BLL.csproj", "{DBB3DB0D-0AB4-4F65-BB5E-4C693C138E5E}"
EndProject
Global
	GlobalSection(SolutionConfigurationPlatforms) = preSolution
		Debug|Any CPU = Debug|Any CPU
		Release|Any CPU = Release|Any CPU
	EndGlobalSection
	GlobalSection(ProjectConfigurationPlatforms) = postSolution
		{02D26E27-FADA-4A66-B896-83C4DC556DDC}.Debug|Any CPU.ActiveCfg = Debug|Any CPU
		{02D26E27-FADA-4A66-B896-83C4DC556DDC}.Debug|Any CPU.Build.0 = Debug|Any CPU
		{02D26E27-FADA-4A66-B896-83C4DC556DDC}.Release|Any CPU.ActiveCfg = Release|Any CPU
		{02D26E27-FADA-4A66-B896-83C4DC556DDC}.Release|Any CPU.Build.0 = Release|Any CPU
		{3D8FBF1D-2BFE-44C2-AC1F-B12E1BB1E180}.Debug|Any CPU.ActiveCfg = Debug|Any CPU
		{3D8FBF1D-2BFE-44C2-AC1F-B12E1BB1E180}.Debug|Any CPU.Build.0 = Debug|Any CPU
		{3D8FBF1D-2BFE-44C2-AC1F-B12E1BB1E180}.Release|Any CPU.ActiveCfg = Release|Any CPU
		{3D8FBF1D-2BFE-44C2-AC1F-B12E1BB1E180}.Release|Any CPU.Build.0 = Release|Any CPU
		{DBB3DB0D-0AB4-4F65-BB5E-4C693C138E5E}.Debug|Any CPU.ActiveCfg = Debug|Any CPU
		{DBB3DB0D-0AB4-4F65-BB5E-4C693C138E5E}.Debug|Any CPU.Build.0 = Debug|Any CPU
		{DBB3DB0D-0AB4-4F65-BB5E-4C693C138E5E}.Release|Any CPU.ActiveCfg = Release|Any CPU
		{DBB3DB0D-0AB4-4F65-BB5E-4C693C138E5E}.Release|Any CPU.Build.0 = Release|Any CPU
	EndGlobalSection
	GlobalSection(SolutionProperties) = preSolution
		HideSolutionNode = FALSE
	EndGlobalSection
	GlobalSection(ExtensibilityGlobals) = postSolution
		SolutionGuid = {BA418278-56B0-48F7-A1CD-9167C1ECC6B1}
	EndGlobalSection
EndGlobal
